
Microsoft Visual Studio Solution File, Format Version 12.00
# Visual Studio Version 17
VisualStudioVersion = 17.10.34928.147
MinimumVisualStudioVersion = 10.0.40219.1
Project("{888888A0-9F3D-457C-B088-3A5042F75D52}") = "13DT_programming_game", "13DT_programming_game\13DT_programming_game.pyproj", "{6E18B57A-3585-41AE-AEF8-004E84AC62EC}"
EndProject
Global
	GlobalSection(SolutionConfigurationPlatforms) = preSolution
		Debug|Any CPU = Debug|Any CPU
		Release|Any CPU = Release|Any CPU
	EndGlobalSection
	GlobalSection(ProjectConfigurationPlatforms) = postSolution
		{6E18B57A-3585-41AE-AEF8-004E84AC62EC}.Debug|Any CPU.ActiveCfg = Debug|Any CPU
		{6E18B57A-3585-41AE-AEF8-004E84AC62EC}.Release|Any CPU.ActiveCfg = Release|Any CPU
	EndGlobalSection
	GlobalSection(SolutionProperties) = preSolution
		HideSolutionNode = FALSE
	EndGlobalSection
	GlobalSection(ExtensibilityGlobals) = postSolution
		SolutionGuid = {2542D1A7-B987-4B86-9465-1827A99F9EDE}
	EndGlobalSection
EndGlobal
